
Microsoft Visual Studio Solution File, Format Version 12.00
# Visual Studio 14
VisualStudioVersion = 14.0.23107.0
MinimumVisualStudioVersion = 10.0.40219.1
Project("{159641D6-6404-4A2A-AE62-294DE0FE8301}") = "DataMigToDataHub", "DataMigToDataHub.dtproj", "{9B3BA4A9-45ED-4C99-8074-8CA2AAE37C32}"
EndProject
Global
	GlobalSection(SolutionConfigurationPlatforms) = preSolution
		Development|Default = Development|Default
	EndGlobalSection
	GlobalSection(ProjectConfigurationPlatforms) = postSolution
		{9B3BA4A9-45ED-4C99-8074-8CA2AAE37C32}.Development|Default.ActiveCfg = Development
		{9B3BA4A9-45ED-4C99-8074-8CA2AAE37C32}.Development|Default.Build.0 = Development
	EndGlobalSection
	GlobalSection(SolutionProperties) = preSolution
		HideSolutionNode = FALSE
	EndGlobalSection
EndGlobal
